
Microsoft Visual Studio Solution File, Format Version 12.00
# Visual Studio Version 16
VisualStudioVersion = 16.0.29123.88
MinimumVisualStudioVersion = 10.0.40219.1
Project("{9A19103F-16F7-4668-BE54-9A1E7A4F7556}") = "GD.Desktop", "GD.Desktop\GD.Desktop.csproj", "{AEB3FC89-DC3E-4BC9-9EC7-03B72FC5D849}"
	ProjectSection(ProjectDependencies) = postProject
		{31D3872C-3A4F-437E-9655-3EF58DD62F46} = {31D3872C-3A4F-437E-9655-3EF58DD62F46}
	EndProjectSection
EndProject
Project("{9A19103F-16F7-4668-BE54-9A1E7A4F7556}") = "GD.Game", "GD.Game\GD.Game.csproj", "{1ADACD09-7BE3-46A1-AEAB-C41E78E8700F}"
EndProject
Project("{9A19103F-16F7-4668-BE54-9A1E7A4F7556}") = "GD.Resources", "GD.Resources\GD.Resources.csproj", "{31D3872C-3A4F-437E-9655-3EF58DD62F46}"
EndProject
Project("{9A19103F-16F7-4668-BE54-9A1E7A4F7556}") = "GD.Tests", "GD.Tests\GD.Tests.csproj", "{54377672-20B1-40AF-8087-5CF73BF3953A}"
	ProjectSection(ProjectDependencies) = postProject
		{31D3872C-3A4F-437E-9655-3EF58DD62F46} = {31D3872C-3A4F-437E-9655-3EF58DD62F46}
	EndProjectSection
EndProject
Project("{2150E333-8FDC-42A3-9474-1A3956D46DE8}") = "Solution Items", "Solution Items", "{38C9F605-FFD6-49A9-8938-E912F9255FB9}"
	ProjectSection(SolutionItems) = preProject
		.editorconfig = .editorconfig
	EndProjectSection
EndProject
Global
	GlobalSection(SolutionConfigurationPlatforms) = preSolution
		Debug|Any CPU = Debug|Any CPU
		Release|Any CPU = Release|Any CPU
	EndGlobalSection
	GlobalSection(ProjectConfigurationPlatforms) = postSolution
		{AEB3FC89-DC3E-4BC9-9EC7-03B72FC5D849}.Debug|Any CPU.ActiveCfg = Debug|Any CPU
		{AEB3FC89-DC3E-4BC9-9EC7-03B72FC5D849}.Debug|Any CPU.Build.0 = Debug|Any CPU
		{AEB3FC89-DC3E-4BC9-9EC7-03B72FC5D849}.Release|Any CPU.ActiveCfg = Release|Any CPU
		{AEB3FC89-DC3E-4BC9-9EC7-03B72FC5D849}.Release|Any CPU.Build.0 = Release|Any CPU
		{1ADACD09-7BE3-46A1-AEAB-C41E78E8700F}.Debug|Any CPU.ActiveCfg = Debug|Any CPU
		{1ADACD09-7BE3-46A1-AEAB-C41E78E8700F}.Debug|Any CPU.Build.0 = Debug|Any CPU
		{1ADACD09-7BE3-46A1-AEAB-C41E78E8700F}.Release|Any CPU.ActiveCfg = Release|Any CPU
		{1ADACD09-7BE3-46A1-AEAB-C41E78E8700F}.Release|Any CPU.Build.0 = Release|Any CPU
		{31D3872C-3A4F-437E-9655-3EF58DD62F46}.Debug|Any CPU.ActiveCfg = Debug|Any CPU
		{31D3872C-3A4F-437E-9655-3EF58DD62F46}.Debug|Any CPU.Build.0 = Debug|Any CPU
		{31D3872C-3A4F-437E-9655-3EF58DD62F46}.Release|Any CPU.ActiveCfg = Release|Any CPU
		{31D3872C-3A4F-437E-9655-3EF58DD62F46}.Release|Any CPU.Build.0 = Release|Any CPU
		{54377672-20B1-40AF-8087-5CF73BF3953A}.Debug|Any CPU.ActiveCfg = Debug|Any CPU
		{54377672-20B1-40AF-8087-5CF73BF3953A}.Debug|Any CPU.Build.0 = Debug|Any CPU
		{54377672-20B1-40AF-8087-5CF73BF3953A}.Release|Any CPU.ActiveCfg = Release|Any CPU
		{54377672-20B1-40AF-8087-5CF73BF3953A}.Release|Any CPU.Build.0 = Release|Any CPU
	EndGlobalSection
	GlobalSection(SolutionProperties) = preSolution
		HideSolutionNode = FALSE
	EndGlobalSection
	GlobalSection(ExtensibilityGlobals) = postSolution
		SolutionGuid = {F0C29904-1CBB-441A-BA7B-745BA939AAAD}
	EndGlobalSection
EndGlobal
